
Microsoft Visual Studio Solution File, Format Version 12.00
# Visual Studio 2012
Project("{8BC9CEB8-8B4A-11D0-8D11-00A0C91BC942}") = "Octagon", "Octagon\Octagon.vcxproj", "{50A1002D-5BE4-42D3-A595-C4C898E1AF16}"
EndProject
Global
	GlobalSection(SolutionConfigurationPlatforms) = preSolution
		Debug|Win32 = Debug|Win32
		Release|Win32 = Release|Win32
	EndGlobalSection
	GlobalSection(ProjectConfigurationPlatforms) = postSolution
		{50A1002D-5BE4-42D3-A595-C4C898E1AF16}.Debug|Win32.ActiveCfg = Debug|Win32
		{50A1002D-5BE4-42D3-A595-C4C898E1AF16}.Debug|Win32.Build.0 = Debug|Win32
		{50A1002D-5BE4-42D3-A595-C4C898E1AF16}.Release|Win32.ActiveCfg = Release|Win32
		{50A1002D-5BE4-42D3-A595-C4C898E1AF16}.Release|Win32.Build.0 = Release|Win32
	EndGlobalSection
	GlobalSection(SolutionProperties) = preSolution
		HideSolutionNode = FALSE
	EndGlobalSection
EndGlobal
